// !$*UTF8*$!
{
	archiveVersion = 1;
	classes = {
	};
	objectVersion = 50;
	objects = {

/* Begin PBXBuildFile section */
		64FFC5952398517700545395 /* AppDelegate.swift in Sources */ = {isa = PBXBuildFile; fileRef = 64FFC5942398517700545395 /* AppDelegate.swift */; };
		64FFC5972398517700545395 /* SceneDelegate.swift in Sources */ = {isa = PBXBuildFile; fileRef = 64FFC5962398517700545395 /* SceneDelegate.swift */; };
		64FFC5992398517700545395 /* ViewController.swift in Sources */ = {isa = PBXBuildFile; fileRef = 64FFC5982398517700545395 /* ViewController.swift */; };
		64FFC59C2398517700545395 /* Main.storyboard in Resources */ = {isa = PBXBuildFile; fileRef = 64FFC59A2398517700545395 /* Main.storyboard */; };
		64FFC59E2398517800545395 /* Assets.xcassets in Resources */ = {isa = PBXBuildFile; fileRef = 64FFC59D2398517800545395 /* Assets.xcassets */; };
		64FFC5A12398517800545395 /* LaunchScreen.storyboard in Resources */ = {isa = PBXBuildFile; fileRef = 64FFC59F2398517800545395 /* LaunchScreen.storyboard */; };
		C0A5BC7B7EFDBC103FC73513 /* Pods_TextViewExample.framework in Frameworks */ = {isa = PBXBuildFile; fileRef = 947AB3BB71076CC142981FB5 /* Pods_TextViewExample.framework */; };
/* End PBXBuildFile section */

/* Begin PBXFileReference section */
		46242E2B87E2E7CF65A394BB /* Pods-TextViewExample.debug.xcconfig */ = {isa = PBXFileReference; includeInIndex = 1; lastKnownFileType = text.xcconfig; name = "Pods-TextViewExample.debug.xcconfig"; path = "Target Support Files/Pods-TextViewExample/Pods-TextViewExample.debug.xcconfig"; sourceTree = "<group>"; };
		64FFC5912398517700545395 /* TextViewExample.app */ = {isa = PBXFileReference; explicitFileType = wrapper.application; includeInIndex = 0; path = TextViewExample.app; sourceTree = BUILT_PRODUCTS_DIR; };
		64FFC5942398517700545395 /* AppDelegate.swift */ = {isa = PBXFileReference; lastKnownFileType = sourcecode.swift; path = AppDelegate.swift; sourceTree = "<group>"; };
		64FFC5962398517700545395 /* SceneDelegate.swift */ = {isa = PBXFileReference; lastKnownFileType = sourcecode.swift; path = SceneDelegate.swift; sourceTree = "<group>"; };
		64FFC5982398517700545395 /* ViewController.swift */ = {isa = PBXFileReference; lastKnownFileType = sourcecode.swift; path = ViewController.swift; sourceTree = "<group>"; };
		64FFC59B2398517700545395 /* Base */ = {isa = PBXFileReference; lastKnownFileType = file.storyboard; name = Base; path = Base.lproj/Main.storyboard; sourceTree = "<group>"; };
		64FFC59D2398517800545395 /* Assets.xcassets */ = {isa = PBXFileReference; lastKnownFileType = folder.assetcatalog; path = Assets.xcassets; sourceTree = "<group>"; };
		64FFC5A02398517800545395 /* Base */ = {isa = PBXFileReference; lastKnownFileType = file.storyboard; name = Base; path = Base.lproj/LaunchScreen.storyboard; sourceTree = "<group>"; };
		64FFC5A22398517800545395 /* Info.plist */ = {isa = PBXFileReference; lastKnownFileType = text.plist.xml; path = Info.plist; sourceTree = "<group>"; };
		947AB3BB71076CC142981FB5 /* Pods_TextViewExample.framework */ = {isa = PBXFileReference; explicitFileType = wrapper.framework; includeInIndex = 0; path = Pods_TextViewExample.framework; sourceTree = BUILT_PRODUCTS_DIR; };
		B041DD21DBF44C95634CC001 /* Pods-TextViewExample.release.xcconfig */ = {isa = PBXFileReference; includeInIndex = 1; lastKnownFileType = text.xcconfig; name = "Pods-TextViewExample.release.xcconfig"; path = "Target Support Files/Pods-TextViewExample/Pods-TextViewExample.release.xcconfig"; sourceTree = "<group>"; };
/* End PBXFileReference section */

/* Begin PBXFrameworksBuildPhase section */
		64FFC58E2398517700545395 /* Frameworks */ = {
			isa = PBXFrameworksBuildPhase;
			buildActionMask = 2147483647;
			files = (
				C0A5BC7B7EFDBC103FC73513 /* Pods_TextViewExample.framework in Frameworks */,
			);
			runOnlyForDeploymentPostprocessing = 0;
		};
/* End PBXFrameworksBuildPhase section */

/* Begin PBXGroup section */
		64FFC5882398517700545395 = {
			isa = PBXGroup;
			children = (
				64FFC5932398517700545395 /* TextViewExample */,
				64FFC5922398517700545395 /* Products */,
				ABD71AAC586723262B758D09 /* Pods */,
				D7AE8CBA171436A1383EA659 /* Frameworks */,
			);
			sourceTree = "<group>";
		};
		64FFC5922398517700545395 /* Products */ = {
			isa = PBXGroup;
			children = (
				64FFC5912398517700545395 /* TextViewExample.app */,
			);
			name = Products;
			sourceTree = "<group>";
		};
		64FFC5932398517700545395 /* TextViewExample */ = {
			isa = PBXGroup;
			children = (
				64FFC5942398517700545395 /* AppDelegate.swift */,
				64FFC5962398517700545395 /* SceneDelegate.swift */,
				64FFC5982398517700545395 /* ViewController.swift */,
				64FFC59A2398517700545395 /* Main.storyboard */,
				64FFC59D2398517800545395 /* Assets.xcassets */,
				64FFC59F2398517800545395 /* LaunchScreen.storyboard */,
				64FFC5A22398517800545395 /* Info.plist */,
			);
			path = TextViewExample;
			sourceTree = "<group>";
		};
		ABD71AAC586723262B758D09 /* Pods */ = {
			isa = PBXGroup;
			children = (
				46242E2B87E2E7CF65A394BB /* Pods-TextViewExample.debug.xcconfig */,
				B041DD21DBF44C95634CC001 /* Pods-TextViewExample.release.xcconfig */,
			);
			name = Pods;
			path = Pods;
			sourceTree = "<group>";
		};
		D7AE8CBA171436A1383EA659 /* Frameworks */ = {
			isa = PBXGroup;
			children = (
				947AB3BB71076CC142981FB5 /* Pods_TextViewExample.framework */,
			);
			name = Frameworks;
			sourceTree = "<group>";
		};
/* End PBXGroup section */

/* Begin PBXNativeTarget section */
		64FFC5902398517700545395 /* TextViewExample */ = {
			isa = PBXNativeTarget;
			buildConfigurationList = 64FFC5A52398517800545395 /* Build configuration list for PBXNativeTarget "TextViewExample" */;
			buildPhases = (
				119D7B252942CCFBC5CDB07A /* [CP] Check Pods Manifest.lock */,
				64FFC58D2398517700545395 /* Sources */,
				64FFC58E2398517700545395 /* Frameworks */,
				64FFC58F2398517700545395 /* Resources */,
				89D8D1849855A8ADB4176AC7 /* [CP] Embed Pods Frameworks */,
			);
			buildRules = (
			);
			dependencies = (
			);
			name = TextViewExample;
			productName = TextViewExample;
			productReference = 64FFC5912398517700545395 /* TextViewExample.app */;
			productType = "com.apple.product-type.application";
		};
/* End PBXNativeTarget section */

/* Begin PBXProject section */
		64FFC5892398517700545395 /* Project object */ = {
			isa = PBXProject;
			attributes = {
				LastSwiftUpdateCheck = 1100;
				LastUpgradeCheck = 1100;
				ORGANIZATIONNAME = Dharmendra;
				TargetAttributes = {
					64FFC5902398517700545395 = {
						CreatedOnToolsVersion = 11.0;
					};
				};
			};
			buildConfigurationList = 64FFC58C2398517700545395 /* Build configuration list for PBXProject "TextViewExample" */;
			compatibilityVersion = "Xcode 9.3";
			developmentRegion = en;
			hasScannedForEncodings = 0;
			knownRegions = (
				en,
				Base,
			);
			mainGroup = 64FFC5882398517700545395;
			productRefGroup = 64FFC5922398517700545395 /* Products */;
			projectDirPath = "";
			projectRoot = "";
			targets = (
				64FFC5902398517700545395 /* TextViewExample */,
			);
		};
/* End PBXProject section */

/* Begin PBXResourcesBuildPhase section */
		64FFC58F2398517700545395 /* Resources */ = {
			isa = PBXResourcesBuildPhase;
			buildActionMask = 2147483647;
			files = (
				64FFC5A12398517800545395 /* LaunchScreen.storyboard in Resources */,
				64FFC59E2398517800545395 /* Assets.xcassets in Resources */,
				64FFC59C2398517700545395 /* Main.storyboard in Resources */,
			);
			runOnlyForDeploymentPostprocessing = 0;
		};
/* End PBXResourcesBuildPhase section */

/* Begin PBXShellScriptBuildPhase section */
		119D7B252942CCFBC5CDB07A /* [CP] Check Pods Manifest.lock */ = {
			isa = PBXShellScriptBuildPhase;
			buildActionMask = 2147483647;
			files = (
			);
			inputFileListPaths = (
			);
			inputPaths = (
				"${PODS_PODFILE_DIR_PATH}/Podfile.lock",
				"${PODS_ROOT}/Manifest.lock",
			);
			name = "[CP] Check Pods Manifest.lock";
			outputFileListPaths = (
			);
			outputPaths = (
				"$(DERIVED_FILE_DIR)/Pods-TextViewExample-checkManifestLockResult.txt",
			);
			runOnlyForDeploymentPostprocessing = 0;
			shellPath = /bin/sh;
			shellScript = "diff \"${PODS_PODFILE_DIR_PATH}/Podfile.lock\" \"${PODS_ROOT}/Manifest.lock\" > /dev/null\nif [ $? != 0 ] ; then\n    # print error to STDERR\n    echo \"error: The sandbox is not in sync with the Podfile.lock. Run 'pod install' or update your CocoaPods installation.\" >&2\n    exit 1\nfi\n# This output is used by Xcode 'outputs' to avoid re-running this script phase.\necho \"SUCCESS\" > \"${SCRIPT_OUTPUT_FILE_0}\"\n";
			showEnvVarsInLog = 0;
		};
		89D8D1849855A8ADB4176AC7 /* [CP] Embed Pods Frameworks */ = {
			isa = PBXShellScriptBuildPhase;
			buildActionMask = 2147483647;
			files = (
			);
			inputFileListPaths = (
				"${PODS_ROOT}/Target Support Files/Pods-TextViewExample/Pods-TextViewExample-frameworks-${CONFIGURATION}-input-files.xcfilelist",
			);
			name = "[CP] Embed Pods Frameworks";
			outputFileListPaths = (
				"${PODS_ROOT}/Target Support Files/Pods-TextViewExample/Pods-TextViewExample-frameworks-${CONFIGURATION}-output-files.xcfilelist",
			);
			runOnlyForDeploymentPostprocessing = 0;
			shellPath = /bin/sh;
			shellScript = "\"${PODS_ROOT}/Target Support Files/Pods-TextViewExample/Pods-TextViewExample-frameworks.sh\"\n";
			showEnvVarsInLog = 0;
		};
/* End PBXShellScriptBuildPhase section */

/* Begin PBXSourcesBuildPhase section */
		64FFC58D2398517700545395 /* Sources */ = {
			isa = PBXSourcesBuildPhase;
			buildActionMask = 2147483647;
			files = (
				64FFC5992398517700545395 /* ViewController.swift in Sources */,
				64FFC5952398517700545395 /* AppDelegate.swift in Sources */,
				64FFC5972398517700545395 /* SceneDelegate.swift in Sources */,
			);
			runOnlyForDeploymentPostprocessing = 0;
		};
/* End PBXSourcesBuildPhase section */

/* Begin PBXVariantGroup section */
		64FFC59A2398517700545395 /* Main.storyboard */ = {
			isa = PBXVariantGroup;
			children = (
				64FFC59B2398517700545395 /* Base */,
			);
			name = Main.storyboard;
			sourceTree = "<group>";
		};
		64FFC59F2398517800545395 /* LaunchScreen.storyboard */ = {
			isa = PBXVariantGroup;
			children = (
				64FFC5A02398517800545395 /* Base */,
			);
			name = LaunchScreen.storyboard;
			sourceTree = "<group>";
		};
/* End PBXVariantGroup section */

/* Begin XCBuildConfiguration section */
		64FFC5A32398517800545395 /* Debug */ = {
			isa = XCBuildConfiguration;
			buildSettings = {
				ALWAYS_SEARCH_USER_PATHS = NO;
				CLANG_ANALYZER_NONNULL = YES;
				CLANG_ANALYZER_NUMBER_OBJECT_CONVERSION = YES_AGGRESSIVE;
				CLANG_CXX_LANGUAGE_STANDARD = "gnu++14";
				CLANG_CXX_LIBRARY = "libc++";
				CLANG_ENABLE_MODULES = YES;
				CLANG_ENABLE_OBJC_ARC = YES;
				CLANG_ENABLE_OBJC_WEAK = YES;
				CLANG_WARN_BLOCK_CAPTURE_AUTORELEASING = YES;
				CLANG_WARN_BOOL_CONVERSION = YES;
				CLANG_WARN_COMMA = YES;
				CLANG_WARN_CONSTANT_CONVERSION = YES;
				CLANG_WARN_DEPRECATED_OBJC_IMPLEMENTATIONS = YES;
				CLANG_WARN_DIRECT_OBJC_ISA_USAGE = YES_ERROR;
				CLANG_WARN_DOCUMENTATION_COMMENTS = YES;
				CLANG_WARN_EMPTY_BODY = YES;
				CLANG_WARN_ENUM_CONVERSION = YES;
				CLANG_WARN_INFINITE_RECURSION = YES;
				CLANG_WARN_INT_CONVERSION = YES;
				CLANG_WARN_NON_LITERAL_NULL_CONVERSION = YES;
				CLANG_WARN_OBJC_IMPLICIT_RETAIN_SELF = YES;
				CLANG_WARN_OBJC_LITERAL_CONVERSION = YES;
				CLANG_WARN_OBJC_ROOT_CLASS = YES_ERROR;
				CLANG_WARN_RANGE_LOOP_ANALYSIS = YES;
				CLANG_WARN_STRICT_PROTOTYPES = YES;
				CLANG_WARN_SUSPICIOUS_MOVE = YES;
				CLANG_WARN_UNGUARDED_AVAILABILITY = YES_AGGRESSIVE;
				CLANG_WARN_UNREACHABLE_CODE = YES;
				CLANG_WARN__DUPLICATE_METHOD_MATCH = YES;
				COPY_PHASE_STRIP = NO;
				DEBUG_INFORMATION_FORMAT = dwarf;
				ENABLE_STRICT_OBJC_MSGSEND = YES;
				ENABLE_TESTABILITY = YES;
				GCC_C_LANGUAGE_STANDARD = gnu11;
				GCC_DYNAMIC_NO_PIC = NO;
				GCC_NO_COMMON_BLOCKS = YES;
				GCC_OPTIMIZATION_LEVEL = 0;
				GCC_PREPROCESSOR_DEFINITIONS = (
					"DEBUG=1",
					"$(inherited)",
				);
				GCC_WARN_64_TO_32_BIT_CONVERSION = YES;
				GCC_WARN_ABOUT_RETURN_TYPE = YES_ERROR;
				GCC_WARN_UNDECLARED_SELECTOR = YES;
				GCC_WARN_UNINITIALIZED_AUTOS = YES_AGGRESSIVE;
				GCC_WARN_UNUSED_FUNCTION = YES;
				GCC_WARN_UNUSED_VARIABLE = YES;
				IPHONEOS_DEPLOYMENT_TARGET = 13.0;
				MTL_ENABLE_DEBUG_INFO = INCLUDE_SOURCE;
				MTL_FAST_MATH = YES;
				ONLY_ACTIVE_ARCH = YES;
				SDKROOT = iphoneos;
				SWIFT_ACTIVE_COMPILATION_CONDITIONS = DEBUG;
				SWIFT_OPTIMIZATION_LEVEL = "-Onone";
			};
			name = Debug;
		};
		64FFC5A42398517800545395 /* Release */ = {
			isa = XCBuildConfiguration;
			buildSettings = {
				ALWAYS_SEARCH_USER_PATHS = NO;
				CLANG_ANALYZER_NONNULL = YES;
				CLANG_ANALYZER_NUMBER_OBJECT_CONVERSION = YES_AGGRESSIVE;
				CLANG_CXX_LANGUAGE_STANDARD = "gnu++14";
				CLANG_CXX_LIBRARY = "libc++";
				CLANG_ENABLE_MODULES = YES;
				CLANG_ENABLE_OBJC_ARC = YES;
				CLANG_ENABLE_OBJC_WEAK = YES;
				CLANG_WARN_BLOCK_CAPTURE_AUTORELEASING = YES;
				CLANG_WARN_BOOL_CONVERSION = YES;
				CLANG_WARN_COMMA = YES;
				CLANG_WARN_CONSTANT_CONVERSION = YES;
				CLANG_WARN_DEPRECATED_OBJC_IMPLEMENTATIONS = YES;
				CLANG_WARN_DIRECT_OBJC_ISA_USAGE = YES_ERROR;
				CLANG_WARN_DOCUMENTATION_COMMENTS = YES;
				CLANG_WARN_EMPTY_BODY = YES;
				CLANG_WARN_ENUM_CONVERSION = YES;
				CLANG_WARN_INFINITE_RECURSION = YES;
				CLANG_WARN_INT_CONVERSION = YES;
				CLANG_WARN_NON_LITERAL_NULL_CONVERSION = YES;
				CLANG_WARN_OBJC_IMPLICIT_RETAIN_SELF = YES;
				CLANG_WARN_OBJC_LITERAL_CONVERSION = YES;
				CLANG_WARN_OBJC_ROOT_CLASS = YES_ERROR;
				CLANG_WARN_RANGE_LOOP_ANALYSIS = YES;
				CLANG_WARN_STRICT_PROTOTYPES = YES;
				CLANG_WARN_SUSPICIOUS_MOVE = YES;
				CLANG_WARN_UNGUARDED_AVAILABILITY = YES_AGGRESSIVE;
				CLANG_WARN_UNREACHABLE_CODE = YES;
				CLANG_WARN__DUPLICATE_METHOD_MATCH = YES;
				COPY_PHASE_STRIP = NO;
				DEBUG_INFORMATION_FORMAT = "dwarf-with-dsym";
				ENABLE_NS_ASSERTIONS = NO;
				ENABLE_STRICT_OBJC_MSGSEND = YES;
				GCC_C_LANGUAGE_STANDARD = gnu11;
				GCC_NO_COMMON_BLOCKS = YES;
				GCC_WARN_64_TO_32_BIT_CONVERSION = YES;
				GCC_WARN_ABOUT_RETURN_TYPE = YES_ERROR;
				GCC_WARN_UNDECLARED_SELECTOR = YES;
				GCC_WARN_UNINITIALIZED_AUTOS = YES_AGGRESSIVE;
				GCC_WARN_UNUSED_FUNCTION = YES;
				GCC_WARN_UNUSED_VARIABLE = YES;
				IPHONEOS_DEPLOYMENT_TARGET = 13.0;
				MTL_ENABLE_DEBUG_INFO = NO;
				MTL_FAST_MATH = YES;
				SDKROOT = iphoneos;
				SWIFT_COMPILATION_MODE = wholemodule;
				SWIFT_OPTIMIZATION_LEVEL = "-O";
				VALIDATE_PRODUCT = YES;
			};
			name = Release;
		};
		64FFC5A62398517800545395 /* Debug */ = {
			isa = XCBuildConfiguration;
			baseConfigurationReference = 46242E2B87E2E7CF65A394BB /* Pods-TextViewExample.debug.xcconfig */;
			buildSettings = {
				ASSETCATALOG_COMPILER_APPICON_NAME = AppIcon;
				CODE_SIGN_STYLE = Automatic;
				DEVELOPMENT_TEAM = CAX3Q88D9P;
				INFOPLIST_FILE = TextViewExample/Info.plist;
				LD_RUNPATH_SEARCH_PATHS = (
					"$(inherited)",
					"@executable_path/Frameworks",
				);
				PRODUCT_BUNDLE_IDENTIFIER = com.dsTextView.TextViewExample;
				PRODUCT_NAME = "$(TARGET_NAME)";
				SWIFT_VERSION = 5.0;
				TARGETED_DEVICE_FAMILY = "1,2";
			};
			name = Debug;
		};
		64FFC5A72398517800545395 /* Release */ = {
			isa = XCBuildConfiguration;
			baseConfigurationReference = B041DD21DBF44C95634CC001 /* Pods-TextViewExample.release.xcconfig */;
			buildSettings = {
				ASSETCATALOG_COMPILER_APPICON_NAME = AppIcon;
				CODE_SIGN_STYLE = Automatic;
				DEVELOPMENT_TEAM = CAX3Q88D9P;
				INFOPLIST_FILE = TextViewExample/Info.plist;
				LD_RUNPATH_SEARCH_PATHS = (
					"$(inherited)",
					"@executable_path/Frameworks",
				);
				PRODUCT_BUNDLE_IDENTIFIER = com.dsTextView.TextViewExample;
				PRODUCT_NAME = "$(TARGET_NAME)";
				SWIFT_VERSION = 5.0;
				TARGETED_DEVICE_FAMILY = "1,2";
			};
			name = Release;
		};
/* End XCBuildConfiguration section */

/* Begin XCConfigurationList section */
		64FFC58C2398517700545395 /* Build configuration list for PBXProject "TextViewExample" */ = {
			isa = XCConfigurationList;
			buildConfigurations = (
				64FFC5A32398517800545395 /* Debug */,
				64FFC5A42398517800545395 /* Release */,
			);
			defaultConfigurationIsVisible = 0;
			defaultConfigurationName = Release;
		};
		64FFC5A52398517800545395 /* Build configuration list for PBXNativeTarget "TextViewExample" */ = {
			isa = XCConfigurationList;
			buildConfigurations = (
				64FFC5A62398517800545395 /* Debug */,
				64FFC5A72398517800545395 /* Release */,
			);
			defaultConfigurationIsVisible = 0;
			defaultConfigurationName = Release;
		};
/* End XCConfigurationList section */
	};
	rootObject = 64FFC5892398517700545395 /* Project object */;
}
